
Microsoft Visual Studio Solution File, Format Version 12.00
# Visual Studio Version 17
VisualStudioVersion = 17.2.32210.308
MinimumVisualStudioVersion = 10.0.40219.1
Project("{FAE04EC0-301F-11D3-BF4B-00C04F79EFBC}") = "MinimalApi", "MinimalApi.csproj", "{28D5081C-FE96-4538-B5F0-CC671C4B429F}"
EndProject
Global
	GlobalSection(SolutionConfigurationPlatforms) = preSolution
		Debug|Any CPU = Debug|Any CPU
		Release|Any CPU = Release|Any CPU
	EndGlobalSection
	GlobalSection(ProjectConfigurationPlatforms) = postSolution
		{28D5081C-FE96-4538-B5F0-CC671C4B429F}.Debug|Any CPU.ActiveCfg = Debug|Any CPU
		{28D5081C-FE96-4538-B5F0-CC671C4B429F}.Debug|Any CPU.Build.0 = Debug|Any CPU
		{28D5081C-FE96-4538-B5F0-CC671C4B429F}.Release|Any CPU.ActiveCfg = Release|Any CPU
		{28D5081C-FE96-4538-B5F0-CC671C4B429F}.Release|Any CPU.Build.0 = Release|Any CPU
	EndGlobalSection
	GlobalSection(SolutionProperties) = preSolution
		HideSolutionNode = FALSE
	EndGlobalSection
	GlobalSection(ExtensibilityGlobals) = postSolution
		SolutionGuid = {6FACBE7D-7DB0-4490-8F87-AAA7B61F6F9D}
	EndGlobalSection
EndGlobal
